
Microsoft Visual Studio Solution File, Format Version 12.00
# Visual Studio Version 17
VisualStudioVersion = 17.4.33213.308
MinimumVisualStudioVersion = 10.0.40219.1
Project("{FAE04EC0-301F-11D3-BF4B-00C04F79EFBC}") = "ECOM.PortalWWW", "ECOM.PortalWWW\ECOM.PortalWWW.csproj", "{6EB4F829-A86C-4A2E-BBAB-B05AA84D7F56}"
EndProject
Project("{FAE04EC0-301F-11D3-BF4B-00C04F79EFBC}") = "ECOM.Intranet", "ECOM.Intranet\ECOM.Intranet.csproj", "{AEFB0A8E-A886-4AB6-B66F-102653DF09C3}"
EndProject
Global
	GlobalSection(SolutionConfigurationPlatforms) = preSolution
		Debug|Any CPU = Debug|Any CPU
		Release|Any CPU = Release|Any CPU
	EndGlobalSection
	GlobalSection(ProjectConfigurationPlatforms) = postSolution
		{6EB4F829-A86C-4A2E-BBAB-B05AA84D7F56}.Debug|Any CPU.ActiveCfg = Debug|Any CPU
		{6EB4F829-A86C-4A2E-BBAB-B05AA84D7F56}.Debug|Any CPU.Build.0 = Debug|Any CPU
		{6EB4F829-A86C-4A2E-BBAB-B05AA84D7F56}.Release|Any CPU.ActiveCfg = Release|Any CPU
		{6EB4F829-A86C-4A2E-BBAB-B05AA84D7F56}.Release|Any CPU.Build.0 = Release|Any CPU
		{AEFB0A8E-A886-4AB6-B66F-102653DF09C3}.Debug|Any CPU.ActiveCfg = Debug|Any CPU
		{AEFB0A8E-A886-4AB6-B66F-102653DF09C3}.Debug|Any CPU.Build.0 = Debug|Any CPU
		{AEFB0A8E-A886-4AB6-B66F-102653DF09C3}.Release|Any CPU.ActiveCfg = Release|Any CPU
		{AEFB0A8E-A886-4AB6-B66F-102653DF09C3}.Release|Any CPU.Build.0 = Release|Any CPU
	EndGlobalSection
	GlobalSection(SolutionProperties) = preSolution
		HideSolutionNode = FALSE
	EndGlobalSection
	GlobalSection(ExtensibilityGlobals) = postSolution
		SolutionGuid = {C58DE707-FB42-4749-BD9E-B7A7FF657A6E}
	EndGlobalSection
EndGlobal
